{
    "name": "threejsgameengine",
    "version": "1.0.0",
    "lockfileVersion": 2,
    "requires": true,
    "packages": {
        "": {
            "name": "threejsgameengine",
            "version": "1.0.0",
            "license": "ISC",
            "dependencies": {
                "peerjs": "^1.4.6",
                "three": "^0.140.2",
                "typescript": "^4.6.4"
            },
            "devDependencies": {
                "@types/node": "^17.0.15"
            }
        },
        "node_modules/@swc/helpers": {
            "version": "0.3.17",
            "resolved": "https://registry.npmjs.org/@swc/helpers/-/helpers-0.3.17.tgz",
            "integrity": "sha512-tb7Iu+oZ+zWJZ3HJqwx8oNwSDIU440hmVMDPhpACWQWnrZHK99Bxs70gT1L2dnr5Hg50ZRWEFkQCAnOVVV0z1Q==",
            "dependencies": {
                "tslib": "^2.4.0"
            }
        },
        "node_modules/@types/node": {
            "version": "17.0.21",
            "resolved": "https://registry.npmjs.org/@types/node/-/node-17.0.21.tgz",
            "integrity": "sha512-DBZCJbhII3r90XbQxI8Y9IjjiiOGlZ0Hr32omXIZvwwZ7p4DMMXGrKXVyPfuoBOri9XNtL0UK69jYIBIsRX3QQ==",
            "dev": true
        },
        "node_modules/eventemitter3": {
            "version": "4.0.7",
            "resolved": "https://registry.npmjs.org/eventemitter3/-/eventemitter3-4.0.7.tgz",
            "integrity": "sha512-8guHBZCwKnFhYdHr2ysuRWErTwhoN2X8XELRlrRwpmfeY2jjuUN4taQMsULKUVo1K4DvZl+0pgfyoysHxvmvEw=="
        },
        "node_modules/peerjs": {
            "version": "1.4.6",
            "resolved": "https://registry.npmjs.org/peerjs/-/peerjs-1.4.6.tgz",
            "integrity": "sha512-0XA105/9yBFGxfpyCjlI1bcBiyPmXHs8+UDvO2j1WGnY+FXilMn35+P/3t8HzKnUnR1SX0PRkDSk8kM17ciNxA==",
            "dependencies": {
                "@swc/helpers": "^0.3.13",
                "eventemitter3": "^4.0.7",
                "peerjs-js-binarypack": "1.0.1",
                "webrtc-adapter": "^7.7.1"
            },
            "engines": {
                "node": ">= 10"
            },
            "funding": {
                "type": "opencollective",
                "url": "https://opencollective.com/peer"
            }
        },
        "node_modules/peerjs-js-binarypack": {
            "version": "1.0.1",
            "resolved": "https://registry.npmjs.org/peerjs-js-binarypack/-/peerjs-js-binarypack-1.0.1.tgz",
            "integrity": "sha512-N6aeia3NhdpV7kiGxJV5xQiZZCVEEVjRz2T2C6UZQiBkHWHzUv/oWA4myQLcwBwO8LUoR1KWW5oStvwVesmfCg=="
        },
        "node_modules/rtcpeerconnection-shim": {
            "version": "1.2.15",
            "resolved": "https://registry.npmjs.org/rtcpeerconnection-shim/-/rtcpeerconnection-shim-1.2.15.tgz",
            "integrity": "sha512-C6DxhXt7bssQ1nHb154lqeL0SXz5Dx4RczXZu2Aa/L1NJFnEVDxFwCBo3fqtuljhHIGceg5JKBV4XJ0gW5JKyw==",
            "dependencies": {
                "sdp": "^2.6.0"
            },
            "engines": {
                "node": ">=6.0.0",
                "npm": ">=3.10.0"
            }
        },
        "node_modules/sdp": {
            "version": "2.12.0",
            "resolved": "https://registry.npmjs.org/sdp/-/sdp-2.12.0.tgz",
            "integrity": "sha512-jhXqQAQVM+8Xj5EjJGVweuEzgtGWb3tmEEpl3CLP3cStInSbVHSg0QWOGQzNq8pSID4JkpeV2mPqlMDLrm0/Vw=="
        },
        "node_modules/three": {
            "version": "0.140.2",
            "resolved": "https://registry.npmjs.org/three/-/three-0.140.2.tgz",
            "integrity": "sha512-DdT/AHm/TbZXEhQKQpGt5/iSgBrmXpjU26FNtj1KhllVPTKj1eG4X/ShyD5W2fngE+I1s1wa4ttC4C3oCJt7Ag=="
        },
        "node_modules/tslib": {
            "version": "2.4.0",
            "resolved": "https://registry.npmjs.org/tslib/-/tslib-2.4.0.tgz",
            "integrity": "sha512-d6xOpEDfsi2CZVlPQzGeux8XMwLT9hssAsaPYExaQMuYskwb+x1x7J371tWlbBdWHroy99KnVB6qIkUbs5X3UQ=="
        },
        "node_modules/typescript": {
            "version": "4.6.4",
            "resolved": "https://registry.npmjs.org/typescript/-/typescript-4.6.4.tgz",
            "integrity": "sha512-9ia/jWHIEbo49HfjrLGfKbZSuWo9iTMwXO+Ca3pRsSpbsMbc7/IU8NKdCZVRRBafVPGnoJeFL76ZOAA84I9fEg==",
            "bin": {
                "tsc": "bin/tsc",
                "tsserver": "bin/tsserver"
            },
            "engines": {
                "node": ">=4.2.0"
            }
        },
        "node_modules/webrtc-adapter": {
            "version": "7.7.1",
            "resolved": "https://registry.npmjs.org/webrtc-adapter/-/webrtc-adapter-7.7.1.tgz",
            "integrity": "sha512-TbrbBmiQBL9n0/5bvDdORc6ZfRY/Z7JnEj+EYOD1ghseZdpJ+nF2yx14k3LgQKc7JZnG7HAcL+zHnY25So9d7A==",
            "dependencies": {
                "rtcpeerconnection-shim": "^1.2.15",
                "sdp": "^2.12.0"
            },
            "engines": {
                "node": ">=6.0.0",
                "npm": ">=3.10.0"
            }
        }
    },
    "dependencies": {
        "@swc/helpers": {
            "version": "0.3.17",
            "resolved": "https://registry.npmjs.org/@swc/helpers/-/helpers-0.3.17.tgz",
            "integrity": "sha512-tb7Iu+oZ+zWJZ3HJqwx8oNwSDIU440hmVMDPhpACWQWnrZHK99Bxs70gT1L2dnr5Hg50ZRWEFkQCAnOVVV0z1Q==",
            "requires": {
                "tslib": "^2.4.0"
            }
        },
        "@types/node": {
            "version": "17.0.21",
            "resolved": "https://registry.npmjs.org/@types/node/-/node-17.0.21.tgz",
            "integrity": "sha512-DBZCJbhII3r90XbQxI8Y9IjjiiOGlZ0Hr32omXIZvwwZ7p4DMMXGrKXVyPfuoBOri9XNtL0UK69jYIBIsRX3QQ==",
            "dev": true
        },
        "eventemitter3": {
            "version": "4.0.7",
            "resolved": "https://registry.npmjs.org/eventemitter3/-/eventemitter3-4.0.7.tgz",
            "integrity": "sha512-8guHBZCwKnFhYdHr2ysuRWErTwhoN2X8XELRlrRwpmfeY2jjuUN4taQMsULKUVo1K4DvZl+0pgfyoysHxvmvEw=="
        },
        "peerjs": {
            "version": "1.4.6",
            "resolved": "https://registry.npmjs.org/peerjs/-/peerjs-1.4.6.tgz",
            "integrity": "sha512-0XA105/9yBFGxfpyCjlI1bcBiyPmXHs8+UDvO2j1WGnY+FXilMn35+P/3t8HzKnUnR1SX0PRkDSk8kM17ciNxA==",
            "requires": {
                "@swc/helpers": "^0.3.13",
                "eventemitter3": "^4.0.7",
                "peerjs-js-binarypack": "1.0.1",
                "webrtc-adapter": "^7.7.1"
            }
        },
        "peerjs-js-binarypack": {
            "version": "1.0.1",
            "resolved": "https://registry.npmjs.org/peerjs-js-binarypack/-/peerjs-js-binarypack-1.0.1.tgz",
            "integrity": "sha512-N6aeia3NhdpV7kiGxJV5xQiZZCVEEVjRz2T2C6UZQiBkHWHzUv/oWA4myQLcwBwO8LUoR1KWW5oStvwVesmfCg=="
        },
        "rtcpeerconnection-shim": {
            "version": "1.2.15",
            "resolved": "https://registry.npmjs.org/rtcpeerconnection-shim/-/rtcpeerconnection-shim-1.2.15.tgz",
            "integrity": "sha512-C6DxhXt7bssQ1nHb154lqeL0SXz5Dx4RczXZu2Aa/L1NJFnEVDxFwCBo3fqtuljhHIGceg5JKBV4XJ0gW5JKyw==",
            "requires": {
                "sdp": "^2.6.0"
            }
        },
        "sdp": {
            "version": "2.12.0",
            "resolved": "https://registry.npmjs.org/sdp/-/sdp-2.12.0.tgz",
            "integrity": "sha512-jhXqQAQVM+8Xj5EjJGVweuEzgtGWb3tmEEpl3CLP3cStInSbVHSg0QWOGQzNq8pSID4JkpeV2mPqlMDLrm0/Vw=="
        },
        "three": {
            "version": "0.140.2",
            "resolved": "https://registry.npmjs.org/three/-/three-0.140.2.tgz",
            "integrity": "sha512-DdT/AHm/TbZXEhQKQpGt5/iSgBrmXpjU26FNtj1KhllVPTKj1eG4X/ShyD5W2fngE+I1s1wa4ttC4C3oCJt7Ag=="
        },
        "tslib": {
            "version": "2.4.0",
            "resolved": "https://registry.npmjs.org/tslib/-/tslib-2.4.0.tgz",
            "integrity": "sha512-d6xOpEDfsi2CZVlPQzGeux8XMwLT9hssAsaPYExaQMuYskwb+x1x7J371tWlbBdWHroy99KnVB6qIkUbs5X3UQ=="
        },
        "typescript": {
            "version": "4.6.4",
            "resolved": "https://registry.npmjs.org/typescript/-/typescript-4.6.4.tgz",
            "integrity": "sha512-9ia/jWHIEbo49HfjrLGfKbZSuWo9iTMwXO+Ca3pRsSpbsMbc7/IU8NKdCZVRRBafVPGnoJeFL76ZOAA84I9fEg=="
        },
        "webrtc-adapter": {
            "version": "7.7.1",
            "resolved": "https://registry.npmjs.org/webrtc-adapter/-/webrtc-adapter-7.7.1.tgz",
            "integrity": "sha512-TbrbBmiQBL9n0/5bvDdORc6ZfRY/Z7JnEj+EYOD1ghseZdpJ+nF2yx14k3LgQKc7JZnG7HAcL+zHnY25So9d7A==",
            "requires": {
                "rtcpeerconnection-shim": "^1.2.15",
                "sdp": "^2.12.0"
            }
        }
    }
}
